
Microsoft Visual Studio Solution File, Format Version 12.00
# Visual Studio Version 17
VisualStudioVersion = 17.4.32804.182
MinimumVisualStudioVersion = 10.0.40219.1
Project("{FAE04EC0-301F-11D3-BF4B-00C04F79EFBC}") = "StoreInventoryManager", "StoreInventoryManager\StoreInventoryManager.csproj", "{209B1E88-3322-4799-A345-990391B1FE5A}"
EndProject
Global
	GlobalSection(SolutionConfigurationPlatforms) = preSolution
		Debug|Any CPU = Debug|Any CPU
		Release|Any CPU = Release|Any CPU
	EndGlobalSection
	GlobalSection(ProjectConfigurationPlatforms) = postSolution
		{209B1E88-3322-4799-A345-990391B1FE5A}.Debug|Any CPU.ActiveCfg = Debug|Any CPU
		{209B1E88-3322-4799-A345-990391B1FE5A}.Debug|Any CPU.Build.0 = Debug|Any CPU
		{209B1E88-3322-4799-A345-990391B1FE5A}.Release|Any CPU.ActiveCfg = Release|Any CPU
		{209B1E88-3322-4799-A345-990391B1FE5A}.Release|Any CPU.Build.0 = Release|Any CPU
	EndGlobalSection
	GlobalSection(SolutionProperties) = preSolution
		HideSolutionNode = FALSE
	EndGlobalSection
	GlobalSection(ExtensibilityGlobals) = postSolution
		SolutionGuid = {CF92615B-5156-44C3-B95D-DB7E043A4F26}
	EndGlobalSection
EndGlobal
